
Microsoft Visual Studio Solution File, Format Version 12.00
# Visual Studio Version 16
VisualStudioVersion = 16.0.29009.5
MinimumVisualStudioVersion = 10.0.40219.1
Project("{FAE04EC0-301F-11D3-BF4B-00C04F79EFBC}") = "Conditional", "Conditional\Conditional.csproj", "{3CC06D1B-3E82-4B73-A74D-444115B48335}"
EndProject
Global
	GlobalSection(SolutionConfigurationPlatforms) = preSolution
		Debug|Any CPU = Debug|Any CPU
		Release|Any CPU = Release|Any CPU
	EndGlobalSection
	GlobalSection(ProjectConfigurationPlatforms) = postSolution
		{3CC06D1B-3E82-4B73-A74D-444115B48335}.Debug|Any CPU.ActiveCfg = Debug|Any CPU
		{3CC06D1B-3E82-4B73-A74D-444115B48335}.Debug|Any CPU.Build.0 = Debug|Any CPU
		{3CC06D1B-3E82-4B73-A74D-444115B48335}.Release|Any CPU.ActiveCfg = Release|Any CPU
		{3CC06D1B-3E82-4B73-A74D-444115B48335}.Release|Any CPU.Build.0 = Release|Any CPU
	EndGlobalSection
	GlobalSection(SolutionProperties) = preSolution
		HideSolutionNode = FALSE
	EndGlobalSection
	GlobalSection(ExtensibilityGlobals) = postSolution
		SolutionGuid = {ABB4A776-F8AF-4B1F-B68B-50B36EF7E563}
	EndGlobalSection
EndGlobal
